
Microsoft Visual Studio Solution File, Format Version 12.00
# Visual Studio Version 17
VisualStudioVersion = 17.9.34728.123
MinimumVisualStudioVersion = 10.0.40219.1
Project("{FAE04EC0-301F-11D3-BF4B-00C04F79EFBC}") = "POO", "POO.csproj", "{14925759-940F-4D99-B85B-128ACDADC4DE}"
EndProject
Global
	GlobalSection(SolutionConfigurationPlatforms) = preSolution
		Debug|Any CPU = Debug|Any CPU
		Release|Any CPU = Release|Any CPU
	EndGlobalSection
	GlobalSection(ProjectConfigurationPlatforms) = postSolution
		{14925759-940F-4D99-B85B-128ACDADC4DE}.Debug|Any CPU.ActiveCfg = Debug|Any CPU
		{14925759-940F-4D99-B85B-128ACDADC4DE}.Debug|Any CPU.Build.0 = Debug|Any CPU
		{14925759-940F-4D99-B85B-128ACDADC4DE}.Release|Any CPU.ActiveCfg = Release|Any CPU
		{14925759-940F-4D99-B85B-128ACDADC4DE}.Release|Any CPU.Build.0 = Release|Any CPU
	EndGlobalSection
	GlobalSection(SolutionProperties) = preSolution
		HideSolutionNode = FALSE
	EndGlobalSection
	GlobalSection(ExtensibilityGlobals) = postSolution
		SolutionGuid = {B15DF11F-3091-447E-A40A-7C339C04E455}
	EndGlobalSection
EndGlobal
